lockfileVersion: '9.0'

settings:
  autoInstallPeers: true
  excludeLinksFromLockfile: false

importers:

  .:
    dependencies:
      nodemailer:
        specifier: ^10.0.15
        version: 10.0.16
    devDependencies:
      '@types/nodemailer':
        specifier: ^8.0.2
        version: 8.0.2

packages:

  '@types/node@26.6.4':
    resolution: {integrity: sha512-ldVPDCzj7fsaGZrLB0NuHuTvJcsNasysBAqMolr/cgxrLd1xbqxIr3XJiPnHHJUCxj5sNF1vnRj9aWnrVh5Jcg==}

  '@types/nodemailer@8.0.2':
    resolution: {integrity: sha512-c7M5ox8p0nEOfbJ2E9Qcmt8/QCu/VzsiAhzBiZbvky2PhKZDHpKB3sQHBM5MEZNkCfBOaS6S9//AGPRTNB7IaA==}

  nodemailer@10.0.16:
    resolution: {integrity: sha512-VL9xKErxN+el77o8eBOuYKUPMyEx7F9hfnDCuiUKJRp9v3wnWMOudYgP/SWbwSHy8rUL4cylobuXtki1LpQS7A==}
    engines: {node: '>=20.0.0'}

  undici-types@8.9.0:
    resolution: {integrity: sha512-KTDyRTYX8sWmKXAikPHHSyc63CRPETMctyjKFupcC6OBLXT3xsN0e9aF7m+mIXutFWpUXuedtowG7iLOzp0kQg==}

snapshots:

  '@types/node@26.6.4':
    dependencies:
      undici-types: 8.9.0

  '@types/nodemailer@8.0.2':
    dependencies:
      '@types/node': 26.6.4

  nodemailer@10.0.16: {}

  undici-types@8.9.0: {}
