lockfileVersion: '9.0'

settings:
  autoInstallPeers: true
  excludeLinksFromLockfile: false

importers:

  .:
    dependencies:
      stripe:
        specifier: ^23.0.0
        version: 23.0.0

packages:

  stripe@23.0.0:
    resolution: {integrity: sha512-MDE2A5ZVVluYURORaZEVghSmnLJc3w6aHAlZSxDQMsOjOb3V0O6ro/CiaeFlJS4N7uIVmsg98ocRsPmUK6YfyA==}
    engines: {node: '>=20'}
    peerDependencies:
      '@types/node': '>=20'
    peerDependenciesMeta:
      '@types/node':
        optional: true

snapshots:

  stripe@23.0.0: {}
